
Microsoft Visual Studio Solution File, Format Version 12.00
# Visual Studio Version 17
VisualStudioVersion = 17.2.32630.192
MinimumVisualStudioVersion = 10.0.40219.1
Project("{FAE04EC0-301F-11D3-BF4B-00C04F79EFBC}") = "PS3", "PS3.csproj", "{BBF0954F-80BA-4630-B9A2-3C3D572C438D}"
EndProject
Global
	GlobalSection(SolutionConfigurationPlatforms) = preSolution
		Debug|Any CPU = Debug|Any CPU
		Release|Any CPU = Release|Any CPU
	EndGlobalSection
	GlobalSection(ProjectConfigurationPlatforms) = postSolution
		{BBF0954F-80BA-4630-B9A2-3C3D572C438D}.Debug|Any CPU.ActiveCfg = Debug|Any CPU
		{BBF0954F-80BA-4630-B9A2-3C3D572C438D}.Debug|Any CPU.Build.0 = Debug|Any CPU
		{BBF0954F-80BA-4630-B9A2-3C3D572C438D}.Release|Any CPU.ActiveCfg = Release|Any CPU
		{BBF0954F-80BA-4630-B9A2-3C3D572C438D}.Release|Any CPU.Build.0 = Release|Any CPU
	EndGlobalSection
	GlobalSection(SolutionProperties) = preSolution
		HideSolutionNode = FALSE
	EndGlobalSection
	GlobalSection(ExtensibilityGlobals) = postSolution
		SolutionGuid = {429156D8-1144-4D36-A450-4800DFCBE9ED}
	EndGlobalSection
EndGlobal
